
Microsoft Visual Studio Solution File, Format Version 12.00
# Visual Studio 14
VisualStudioVersion = 14.0.25420.1
MinimumVisualStudioVersion = 10.0.40219.1
Project("{FAE04EC0-301F-11D3-BF4B-00C04F79EFBC}") = "OnlineShopSystem.UI", "OnlineShopSystem.UI\OnlineShopSystem.UI.csproj", "{ED2F66E7-1669-4580-98F5-A02F9F888F91}"
EndProject
Project("{FAE04EC0-301F-11D3-BF4B-00C04F79EFBC}") = "OnlineShopSystem.BLL", "OnlineShopSystem.BLL\OnlineShopSystem.BLL.csproj", "{E513815A-6F90-45F1-BF09-E7F796256B3F}"
EndProject
Project("{FAE04EC0-301F-11D3-BF4B-00C04F79EFBC}") = "OnlineShopSystem.DAL", "OnlineShopSystem.DAL\OnlineShopSystem.DAL.csproj", "{4A767B01-6271-4092-ACF4-6952C7B82413}"
EndProject
Project("{FAE04EC0-301F-11D3-BF4B-00C04F79EFBC}") = "OnlineShopSystem.Model", "OnlineShopSystem.Model\OnlineShopSystem.Model.csproj", "{377B2030-FF71-4F87-B160-88F598FC293C}"
EndProject
Project("{FAE04EC0-301F-11D3-BF4B-00C04F79EFBC}") = "OnlineShopSystem.Security", "OnlineShopSystem.Security\OnlineShopSystem.Security.csproj", "{0A2CD5CA-E9D1-4FD4-BF9C-7A6A75BD557C}"
EndProject
Global
	GlobalSection(SolutionConfigurationPlatforms) = preSolution
		Debug|Any CPU = Debug|Any CPU
		Release|Any CPU = Release|Any CPU
	EndGlobalSection
	GlobalSection(ProjectConfigurationPlatforms) = postSolution
		{ED2F66E7-1669-4580-98F5-A02F9F888F91}.Debug|Any CPU.ActiveCfg = Debug|Any CPU
		{ED2F66E7-1669-4580-98F5-A02F9F888F91}.Debug|Any CPU.Build.0 = Debug|Any CPU
		{ED2F66E7-1669-4580-98F5-A02F9F888F91}.Release|Any CPU.ActiveCfg = Release|Any CPU
		{ED2F66E7-1669-4580-98F5-A02F9F888F91}.Release|Any CPU.Build.0 = Release|Any CPU
		{E513815A-6F90-45F1-BF09-E7F796256B3F}.Debug|Any CPU.ActiveCfg = Debug|Any CPU
		{E513815A-6F90-45F1-BF09-E7F796256B3F}.Debug|Any CPU.Build.0 = Debug|Any CPU
		{E513815A-6F90-45F1-BF09-E7F796256B3F}.Release|Any CPU.ActiveCfg = Release|Any CPU
		{E513815A-6F90-45F1-BF09-E7F796256B3F}.Release|Any CPU.Build.0 = Release|Any CPU
		{4A767B01-6271-4092-ACF4-6952C7B82413}.Debug|Any CPU.ActiveCfg = Debug|Any CPU
		{4A767B01-6271-4092-ACF4-6952C7B82413}.Debug|Any CPU.Build.0 = Debug|Any CPU
		{4A767B01-6271-4092-ACF4-6952C7B82413}.Release|Any CPU.ActiveCfg = Release|Any CPU
		{4A767B01-6271-4092-ACF4-6952C7B82413}.Release|Any CPU.Build.0 = Release|Any CPU
		{377B2030-FF71-4F87-B160-88F598FC293C}.Debug|Any CPU.ActiveCfg = Debug|Any CPU
		{377B2030-FF71-4F87-B160-88F598FC293C}.Debug|Any CPU.Build.0 = Debug|Any CPU
		{377B2030-FF71-4F87-B160-88F598FC293C}.Release|Any CPU.ActiveCfg = Release|Any CPU
		{377B2030-FF71-4F87-B160-88F598FC293C}.Release|Any CPU.Build.0 = Release|Any CPU
		{0A2CD5CA-E9D1-4FD4-BF9C-7A6A75BD557C}.Debug|Any CPU.ActiveCfg = Debug|Any CPU
		{0A2CD5CA-E9D1-4FD4-BF9C-7A6A75BD557C}.Debug|Any CPU.Build.0 = Debug|Any CPU
		{0A2CD5CA-E9D1-4FD4-BF9C-7A6A75BD557C}.Release|Any CPU.ActiveCfg = Release|Any CPU
		{0A2CD5CA-E9D1-4FD4-BF9C-7A6A75BD557C}.Release|Any CPU.Build.0 = Release|Any CPU
	EndGlobalSection
	GlobalSection(SolutionProperties) = preSolution
		HideSolutionNode = FALSE
	EndGlobalSection
EndGlobal
